// !$*UTF8*$!
{
	archiveVersion = 1;
	classes = {
	};
	objectVersion = 56;
	objects = {

/* Begin PBXBuildFile section */
		0D65011A29EF6BF500BB0ED6 /* APOD.swift in Sources */ = {isa = PBXBuildFile; fileRef = 0D65011929EF6BF500BB0ED6 /* APOD.swift */; };
		0D65011C29EF6C8F00BB0ED6 /* APOD-Info.plist in Resources */ = {isa = PBXBuildFile; fileRef = 0D65011B29EF6C8F00BB0ED6 /* APOD-Info.plist */; };
		0D65011F29EF729C00BB0ED6 /* APODService.swift in Sources */ = {isa = PBXBuildFile; fileRef = 0D65011E29EF729C00BB0ED6 /* APODService.swift */; };
		0D65012129EF9F4500BB0ED6 /* NetworkService.swift in Sources */ = {isa = PBXBuildFile; fileRef = 0D65012029EF9F4500BB0ED6 /* NetworkService.swift */; };
		0D65012429EFA00300BB0ED6 /* APODViewModel.swift in Sources */ = {isa = PBXBuildFile; fileRef = 0D65012329EFA00300BB0ED6 /* APODViewModel.swift */; };
		0D65012C29EFAD6B00BB0ED6 /* APODViewModelTests.swift in Sources */ = {isa = PBXBuildFile; fileRef = 0D65012B29EFAD6B00BB0ED6 /* APODViewModelTests.swift */; };
		0D65013329EFBAE400BB0ED6 /* PhotoDetailViewController.swift in Sources */ = {isa = PBXBuildFile; fileRef = 0D65013229EFBAE400BB0ED6 /* PhotoDetailViewController.swift */; };
		0D65013529F09DD400BB0ED6 /* ImageLoader.swift in Sources */ = {isa = PBXBuildFile; fileRef = 0D65013429F09DD400BB0ED6 /* ImageLoader.swift */; };
		0D7B622729F340210059C7C0 /* PhotosViewControllerDataSource.swift in Sources */ = {isa = PBXBuildFile; fileRef = 0D7B622629F340210059C7C0 /* PhotosViewControllerDataSource.swift */; };
		0D808AA229EE651100F40BC3 /* AppDelegate.swift in Sources */ = {isa = PBXBuildFile; fileRef = 0D808AA129EE651100F40BC3 /* AppDelegate.swift */; };
		0D808AA429EE651100F40BC3 /* SceneDelegate.swift in Sources */ = {isa = PBXBuildFile; fileRef = 0D808AA329EE651100F40BC3 /* SceneDelegate.swift */; };
		0D808AA629EE651100F40BC3 /* PhotosViewController.swift in Sources */ = {isa = PBXBuildFile; fileRef = 0D808AA529EE651100F40BC3 /* PhotosViewController.swift */; };
		0D808AA929EE651100F40BC3 /* Main.storyboard in Resources */ = {isa = PBXBuildFile; fileRef = 0D808AA729EE651100F40BC3 /* Main.storyboard */; };
		0D808AAB29EE651200F40BC3 /* Assets.xcassets in Resources */ = {isa = PBXBuildFile; fileRef = 0D808AAA29EE651200F40BC3 /* Assets.xcassets */; };
		0D808AAE29EE651200F40BC3 /* LaunchScreen.storyboard in Resources */ = {isa = PBXBuildFile; fileRef = 0D808AAC29EE651200F40BC3 /* LaunchScreen.storyboard */; };
		0D808AB629EE70FA00F40BC3 /* APODCell.swift in Sources */ = {isa = PBXBuildFile; fileRef = 0D808AB529EE70FA00F40BC3 /* APODCell.swift */; };
/* End PBXBuildFile section */

/* Begin PBXContainerItemProxy section */
		0D65012D29EFAD6B00BB0ED6 /* PBXContainerItemProxy */ = {
			isa = PBXContainerItemProxy;
			containerPortal = 0D808A9629EE651100F40BC3 /* Project object */;
			proxyType = 1;
			remoteGlobalIDString = 0D808A9D29EE651100F40BC3;
			remoteInfo = APODExplorer;
		};
/* End PBXContainerItemProxy section */

/* Begin PBXFileReference section */
		0D65011929EF6BF500BB0ED6 /* APOD.swift */ = {isa = PBXFileReference; lastKnownFileType = sourcecode.swift; path = APOD.swift; sourceTree = "<group>"; };
		0D65011B29EF6C8F00BB0ED6 /* APOD-Info.plist */ = {isa = PBXFileReference; fileEncoding = 4; lastKnownFileType = text.plist.xml; path = "APOD-Info.plist"; sourceTree = "<group>"; };
		0D65011E29EF729C00BB0ED6 /* APODService.swift */ = {isa = PBXFileReference; lastKnownFileType = sourcecode.swift; path = APODService.swift; sourceTree = "<group>"; };
		0D65012029EF9F4500BB0ED6 /* NetworkService.swift */ = {isa = PBXFileReference; lastKnownFileType = sourcecode.swift; path = NetworkService.swift; sourceTree = "<group>"; };
		0D65012329EFA00300BB0ED6 /* APODViewModel.swift */ = {isa = PBXFileReference; lastKnownFileType = sourcecode.swift; path = APODViewModel.swift; sourceTree = "<group>"; };
		0D65012929EFAD6B00BB0ED6 /* APODExplorerTests.xctest */ = {isa = PBXFileReference; explicitFileType = wrapper.cfbundle; includeInIndex = 0; path = APODExplorerTests.xctest; sourceTree = BUILT_PRODUCTS_DIR; };
		0D65012B29EFAD6B00BB0ED6 /* APODViewModelTests.swift */ = {isa = PBXFileReference; lastKnownFileType = sourcecode.swift; path = APODViewModelTests.swift; sourceTree = "<group>"; };
		0D65013229EFBAE400BB0ED6 /* PhotoDetailViewController.swift */ = {isa = PBXFileReference; lastKnownFileType = sourcecode.swift; path = PhotoDetailViewController.swift; sourceTree = "<group>"; };
		0D65013429F09DD400BB0ED6 /* ImageLoader.swift */ = {isa = PBXFileReference; lastKnownFileType = sourcecode.swift; path = ImageLoader.swift; sourceTree = "<group>"; };
		0D7B622629F340210059C7C0 /* PhotosViewControllerDataSource.swift */ = {isa = PBXFileReference; lastKnownFileType = sourcecode.swift; path = PhotosViewControllerDataSource.swift; sourceTree = "<group>"; };
		0D808A9E29EE651100F40BC3 /* APODExplorer.app */ = {isa = PBXFileReference; explicitFileType = wrapper.application; includeInIndex = 0; path = APODExplorer.app; sourceTree = BUILT_PRODUCTS_DIR; };
		0D808AA129EE651100F40BC3 /* AppDelegate.swift */ = {isa = PBXFileReference; lastKnownFileType = sourcecode.swift; path = AppDelegate.swift; sourceTree = "<group>"; };
		0D808AA329EE651100F40BC3 /* SceneDelegate.swift */ = {isa = PBXFileReference; lastKnownFileType = sourcecode.swift; path = SceneDelegate.swift; sourceTree = "<group>"; };
		0D808AA529EE651100F40BC3 /* PhotosViewController.swift */ = {isa = PBXFileReference; lastKnownFileType = sourcecode.swift; path = PhotosViewController.swift; sourceTree = "<group>"; };
		0D808AA829EE651100F40BC3 /* Base */ = {isa = PBXFileReference; lastKnownFileType = file.storyboard; name = Base; path = Base.lproj/Main.storyboard; sourceTree = "<group>"; };
		0D808AAA29EE651200F40BC3 /* Assets.xcassets */ = {isa = PBXFileReference; lastKnownFileType = folder.assetcatalog; path = Assets.xcassets; sourceTree = "<group>"; };
		0D808AAD29EE651200F40BC3 /* Base */ = {isa = PBXFileReference; lastKnownFileType = file.storyboard; name = Base; path = Base.lproj/LaunchScreen.storyboard; sourceTree = "<group>"; };
		0D808AAF29EE651200F40BC3 /* Info.plist */ = {isa = PBXFileReference; lastKnownFileType = text.plist.xml; path = Info.plist; sourceTree = "<group>"; };
		0D808AB529EE70FA00F40BC3 /* APODCell.swift */ = {isa = PBXFileReference; lastKnownFileType = sourcecode.swift; path = APODCell.swift; sourceTree = "<group>"; };
/* End PBXFileReference section */

/* Begin PBXFrameworksBuildPhase section */
		0D65012629EFAD6B00BB0ED6 /* Frameworks */ = {
			isa = PBXFrameworksBuildPhase;
			buildActionMask = 2147483647;
			files = (
			);
			runOnlyForDeploymentPostprocessing = 0;
		};
		0D808A9B29EE651100F40BC3 /* Frameworks */ = {
			isa = PBXFrameworksBuildPhase;
			buildActionMask = 2147483647;
			files = (
			);
			runOnlyForDeploymentPostprocessing = 0;
		};
/* End PBXFrameworksBuildPhase section */

/* Begin PBXGroup section */
		0D65010F29EF608F00BB0ED6 /* Controller */ = {
			isa = PBXGroup;
			children = (
				0D808AA529EE651100F40BC3 /* PhotosViewController.swift */,
				0D65013229EFBAE400BB0ED6 /* PhotoDetailViewController.swift */,
				0D808AA729EE651100F40BC3 /* Main.storyboard */,
				0D808AAC29EE651200F40BC3 /* LaunchScreen.storyboard */,
			);
			path = Controller;
			sourceTree = "<group>";
		};
		0D65011029EF60A200BB0ED6 /* View */ = {
			isa = PBXGroup;
			children = (
				0D808AB529EE70FA00F40BC3 /* APODCell.swift */,
			);
			path = View;
			sourceTree = "<group>";
		};
		0D65011829EF6BEB00BB0ED6 /* Model */ = {
			isa = PBXGroup;
			children = (
				0D65011929EF6BF500BB0ED6 /* APOD.swift */,
			);
			path = Model;
			sourceTree = "<group>";
		};
		0D65011D29EF729000BB0ED6 /* Service */ = {
			isa = PBXGroup;
			children = (
				0D65011E29EF729C00BB0ED6 /* APODService.swift */,
				0D65012029EF9F4500BB0ED6 /* NetworkService.swift */,
				0D65013429F09DD400BB0ED6 /* ImageLoader.swift */,
			);
			path = Service;
			sourceTree = "<group>";
		};
		0D65012229EF9FEB00BB0ED6 /* ViewModel */ = {
			isa = PBXGroup;
			children = (
				0D65012329EFA00300BB0ED6 /* APODViewModel.swift */,
				0D7B622629F340210059C7C0 /* PhotosViewControllerDataSource.swift */,
			);
			path = ViewModel;
			sourceTree = "<group>";
		};
		0D65012A29EFAD6B00BB0ED6 /* APODExplorerTests */ = {
			isa = PBXGroup;
			children = (
				0D65012B29EFAD6B00BB0ED6 /* APODViewModelTests.swift */,
			);
			path = APODExplorerTests;
			sourceTree = "<group>";
		};
		0D808A9529EE651100F40BC3 = {
			isa = PBXGroup;
			children = (
				0D808AA029EE651100F40BC3 /* APODExplorer */,
				0D65012A29EFAD6B00BB0ED6 /* APODExplorerTests */,
				0D808A9F29EE651100F40BC3 /* Products */,
			);
			sourceTree = "<group>";
		};
		0D808A9F29EE651100F40BC3 /* Products */ = {
			isa = PBXGroup;
			children = (
				0D808A9E29EE651100F40BC3 /* APODExplorer.app */,
				0D65012929EFAD6B00BB0ED6 /* APODExplorerTests.xctest */,
			);
			name = Products;
			sourceTree = "<group>";
		};
		0D808AA029EE651100F40BC3 /* APODExplorer */ = {
			isa = PBXGroup;
			children = (
				0D808AA129EE651100F40BC3 /* AppDelegate.swift */,
				0D808AA329EE651100F40BC3 /* SceneDelegate.swift */,
				0D65011D29EF729000BB0ED6 /* Service */,
				0D65011829EF6BEB00BB0ED6 /* Model */,
				0D65011029EF60A200BB0ED6 /* View */,
				0D65010F29EF608F00BB0ED6 /* Controller */,
				0D65012229EF9FEB00BB0ED6 /* ViewModel */,
				0D808AAA29EE651200F40BC3 /* Assets.xcassets */,
				0D65011B29EF6C8F00BB0ED6 /* APOD-Info.plist */,
				0D808AAF29EE651200F40BC3 /* Info.plist */,
			);
			path = APODExplorer;
			sourceTree = "<group>";
		};
/* End PBXGroup section */

/* Begin PBXNativeTarget section */
		0D65012829EFAD6B00BB0ED6 /* APODExplorerTests */ = {
			isa = PBXNativeTarget;
			buildConfigurationList = 0D65013129EFAD6B00BB0ED6 /* Build configuration list for PBXNativeTarget "APODExplorerTests" */;
			buildPhases = (
				0D65012529EFAD6B00BB0ED6 /* Sources */,
				0D65012629EFAD6B00BB0ED6 /* Frameworks */,
				0D65012729EFAD6B00BB0ED6 /* Resources */,
			);
			buildRules = (
			);
			dependencies = (
				0D65012E29EFAD6B00BB0ED6 /* PBXTargetDependency */,
			);
			name = APODExplorerTests;
			productName = APODExplorerTests;
			productReference = 0D65012929EFAD6B00BB0ED6 /* APODExplorerTests.xctest */;
			productType = "com.apple.product-type.bundle.unit-test";
		};
		0D808A9D29EE651100F40BC3 /* APODExplorer */ = {
			isa = PBXNativeTarget;
			buildConfigurationList = 0D808AB229EE651200F40BC3 /* Build configuration list for PBXNativeTarget "APODExplorer" */;
			buildPhases = (
				0D65011529EF690300BB0ED6 /* Generate APOD-Info.plist if necessary */,
				0D808A9A29EE651100F40BC3 /* Sources */,
				0D808A9B29EE651100F40BC3 /* Frameworks */,
				0D808A9C29EE651100F40BC3 /* Resources */,
			);
			buildRules = (
			);
			dependencies = (
			);
			name = APODExplorer;
			productName = APODExplorer;
			productReference = 0D808A9E29EE651100F40BC3 /* APODExplorer.app */;
			productType = "com.apple.product-type.application";
		};
/* End PBXNativeTarget section */

/* Begin PBXProject section */
		0D808A9629EE651100F40BC3 /* Project object */ = {
			isa = PBXProject;
			attributes = {
				BuildIndependentTargetsInParallel = 1;
				LastSwiftUpdateCheck = 1400;
				LastUpgradeCheck = 1400;
				TargetAttributes = {
					0D65012829EFAD6B00BB0ED6 = {
						CreatedOnToolsVersion = 14.0;
						TestTargetID = 0D808A9D29EE651100F40BC3;
					};
					0D808A9D29EE651100F40BC3 = {
						CreatedOnToolsVersion = 14.0;
					};
				};
			};
			buildConfigurationList = 0D808A9929EE651100F40BC3 /* Build configuration list for PBXProject "APODExplorer" */;
			compatibilityVersion = "Xcode 14.0";
			developmentRegion = en;
			hasScannedForEncodings = 0;
			knownRegions = (
				en,
				Base,
			);
			mainGroup = 0D808A9529EE651100F40BC3;
			productRefGroup = 0D808A9F29EE651100F40BC3 /* Products */;
			projectDirPath = "";
			projectRoot = "";
			targets = (
				0D808A9D29EE651100F40BC3 /* APODExplorer */,
				0D65012829EFAD6B00BB0ED6 /* APODExplorerTests */,
			);
		};
/* End PBXProject section */

/* Begin PBXResourcesBuildPhase section */
		0D65012729EFAD6B00BB0ED6 /* Resources */ = {
			isa = PBXResourcesBuildPhase;
			buildActionMask = 2147483647;
			files = (
			);
			runOnlyForDeploymentPostprocessing = 0;
		};
		0D808A9C29EE651100F40BC3 /* Resources */ = {
			isa = PBXResourcesBuildPhase;
			buildActionMask = 2147483647;
			files = (
				0D808AAE29EE651200F40BC3 /* LaunchScreen.storyboard in Resources */,
				0D808AAB29EE651200F40BC3 /* Assets.xcassets in Resources */,
				0D65011C29EF6C8F00BB0ED6 /* APOD-Info.plist in Resources */,
				0D808AA929EE651100F40BC3 /* Main.storyboard in Resources */,
			);
			runOnlyForDeploymentPostprocessing = 0;
		};
/* End PBXResourcesBuildPhase section */

/* Begin PBXShellScriptBuildPhase section */
		0D65011529EF690300BB0ED6 /* Generate APOD-Info.plist if necessary */ = {
			isa = PBXShellScriptBuildPhase;
			alwaysOutOfDate = 1;
			buildActionMask = 2147483647;
			files = (
			);
			inputFileListPaths = (
			);
			inputPaths = (
			);
			name = "Generate APOD-Info.plist if necessary";
			outputFileListPaths = (
			);
			outputPaths = (
			);
			runOnlyForDeploymentPostprocessing = 0;
			shellPath = /bin/sh;
			shellScript = "CONFIG_FILE_BASE_NAME=\"APOD-Info\"\n\nCONFIG_FILE_NAME=${CONFIG_FILE_BASE_NAME}.plist\nSAMPLE_CONFIG_FILE_NAME=${CONFIG_FILE_BASE_NAME}-Sample.plist\n\nCONFIG_FILE_PATH=$SRCROOT/$PRODUCT_NAME/$CONFIG_FILE_NAME\nSAMPLE_CONFIG_FILE_PATH=$SRCROOT/$PRODUCT_NAME/$SAMPLE_CONFIG_FILE_NAME\n\nif [ -f \"$CONFIG_FILE_PATH\" ]; then\n  echo \"$CONFIG_FILE_PATH exists.\"\nelse\n  echo \"$CONFIG_FILE_PATH does not exist, copying sample\"\n  cp -v \"${SAMPLE_CONFIG_FILE_PATH}\" \"${CONFIG_FILE_PATH}\"\nfi\n";
		};
/* End PBXShellScriptBuildPhase section */

/* Begin PBXSourcesBuildPhase section */
		0D65012529EFAD6B00BB0ED6 /* Sources */ = {
			isa = PBXSourcesBuildPhase;
			buildActionMask = 2147483647;
			files = (
				0D65012C29EFAD6B00BB0ED6 /* APODViewModelTests.swift in Sources */,
			);
			runOnlyForDeploymentPostprocessing = 0;
		};
		0D808A9A29EE651100F40BC3 /* Sources */ = {
			isa = PBXSourcesBuildPhase;
			buildActionMask = 2147483647;
			files = (
				0D808AA629EE651100F40BC3 /* PhotosViewController.swift in Sources */,
				0D808AB629EE70FA00F40BC3 /* APODCell.swift in Sources */,
				0D65013529F09DD400BB0ED6 /* ImageLoader.swift in Sources */,
				0D808AA229EE651100F40BC3 /* AppDelegate.swift in Sources */,
				0D65011A29EF6BF500BB0ED6 /* APOD.swift in Sources */,
				0D808AA429EE651100F40BC3 /* SceneDelegate.swift in Sources */,
				0D65011F29EF729C00BB0ED6 /* APODService.swift in Sources */,
				0D7B622729F340210059C7C0 /* PhotosViewControllerDataSource.swift in Sources */,
				0D65013329EFBAE400BB0ED6 /* PhotoDetailViewController.swift in Sources */,
				0D65012429EFA00300BB0ED6 /* APODViewModel.swift in Sources */,
				0D65012129EF9F4500BB0ED6 /* NetworkService.swift in Sources */,
			);
			runOnlyForDeploymentPostprocessing = 0;
		};
/* End PBXSourcesBuildPhase section */

/* Begin PBXTargetDependency section */
		0D65012E29EFAD6B00BB0ED6 /* PBXTargetDependency */ = {
			isa = PBXTargetDependency;
			target = 0D808A9D29EE651100F40BC3 /* APODExplorer */;
			targetProxy = 0D65012D29EFAD6B00BB0ED6 /* PBXContainerItemProxy */;
		};
/* End PBXTargetDependency section */

/* Begin PBXVariantGroup section */
		0D808AA729EE651100F40BC3 /* Main.storyboard */ = {
			isa = PBXVariantGroup;
			children = (
				0D808AA829EE651100F40BC3 /* Base */,
			);
			name = Main.storyboard;
			sourceTree = "<group>";
		};
		0D808AAC29EE651200F40BC3 /* LaunchScreen.storyboard */ = {
			isa = PBXVariantGroup;
			children = (
				0D808AAD29EE651200F40BC3 /* Base */,
			);
			name = LaunchScreen.storyboard;
			sourceTree = "<group>";
		};
/* End PBXVariantGroup section */

/* Begin XCBuildConfiguration section */
		0D65012F29EFAD6B00BB0ED6 /* Debug */ = {
			isa = XCBuildConfiguration;
			buildSettings = {
				BUNDLE_LOADER = "$(TEST_HOST)";
				CODE_SIGN_STYLE = Automatic;
				CURRENT_PROJECT_VERSION = 1;
				DEVELOPMENT_TEAM = Z5GZDZZ4KP;
				GENERATE_INFOPLIST_FILE = YES;
				MARKETING_VERSION = 1.0;
				PRODUCT_BUNDLE_IDENTIFIER = com.johnphilliplee.APODExplorerTests;
				PRODUCT_NAME = "$(TARGET_NAME)";
				SWIFT_EMIT_LOC_STRINGS = NO;
				SWIFT_VERSION = 5.0;
				TARGETED_DEVICE_FAMILY = "1,2";
				TEST_HOST = "$(BUILT_PRODUCTS_DIR)/APODExplorer.app/$(BUNDLE_EXECUTABLE_FOLDER_PATH)/APODExplorer";
			};
			name = Debug;
		};
		0D65013029EFAD6B00BB0ED6 /* Release */ = {
			isa = XCBuildConfiguration;
			buildSettings = {
				BUNDLE_LOADER = "$(TEST_HOST)";
				CODE_SIGN_STYLE = Automatic;
				CURRENT_PROJECT_VERSION = 1;
				DEVELOPMENT_TEAM = Z5GZDZZ4KP;
				GENERATE_INFOPLIST_FILE = YES;
				MARKETING_VERSION = 1.0;
				PRODUCT_BUNDLE_IDENTIFIER = com.johnphilliplee.APODExplorerTests;
				PRODUCT_NAME = "$(TARGET_NAME)";
				SWIFT_EMIT_LOC_STRINGS = NO;
				SWIFT_VERSION = 5.0;
				TARGETED_DEVICE_FAMILY = "1,2";
				TEST_HOST = "$(BUILT_PRODUCTS_DIR)/APODExplorer.app/$(BUNDLE_EXECUTABLE_FOLDER_PATH)/APODExplorer";
			};
			name = Release;
		};
		0D808AB029EE651200F40BC3 /* Debug */ = {
			isa = XCBuildConfiguration;
			buildSettings = {
				ALWAYS_SEARCH_USER_PATHS = NO;
				CLANG_ANALYZER_NONNULL = YES;
				CLANG_ANALYZER_NUMBER_OBJECT_CONVERSION = YES_AGGRESSIVE;
				CLANG_CXX_LANGUAGE_STANDARD = "gnu++20";
				CLANG_ENABLE_MODULES = YES;
				CLANG_ENABLE_OBJC_ARC = YES;
				CLANG_ENABLE_OBJC_WEAK = YES;
				CLANG_WARN_BLOCK_CAPTURE_AUTORELEASING = YES;
				CLANG_WARN_BOOL_CONVERSION = YES;
				CLANG_WARN_COMMA = YES;
				CLANG_WARN_CONSTANT_CONVERSION = YES;
				CLANG_WARN_DEPRECATED_OBJC_IMPLEMENTATIONS = YES;
				CLANG_WARN_DIRECT_OBJC_ISA_USAGE = YES_ERROR;
				CLANG_WARN_DOCUMENTATION_COMMENTS = YES;
				CLANG_WARN_EMPTY_BODY = YES;
				CLANG_WARN_ENUM_CONVERSION = YES;
				CLANG_WARN_INFINITE_RECURSION = YES;
				CLANG_WARN_INT_CONVERSION = YES;
				CLANG_WARN_NON_LITERAL_NULL_CONVERSION = YES;
				CLANG_WARN_OBJC_IMPLICIT_RETAIN_SELF = YES;
				CLANG_WARN_OBJC_LITERAL_CONVERSION = YES;
				CLANG_WARN_OBJC_ROOT_CLASS = YES_ERROR;
				CLANG_WARN_QUOTED_INCLUDE_IN_FRAMEWORK_HEADER = YES;
				CLANG_WARN_RANGE_LOOP_ANALYSIS = YES;
				CLANG_WARN_STRICT_PROTOTYPES = YES;
				CLANG_WARN_SUSPICIOUS_MOVE = YES;
				CLANG_WARN_UNGUARDED_AVAILABILITY = YES_AGGRESSIVE;
				CLANG_WARN_UNREACHABLE_CODE = YES;
				CLANG_WARN__DUPLICATE_METHOD_MATCH = YES;
				COPY_PHASE_STRIP = NO;
				DEBUG_INFORMATION_FORMAT = dwarf;
				ENABLE_STRICT_OBJC_MSGSEND = YES;
				ENABLE_TESTABILITY = YES;
				GCC_C_LANGUAGE_STANDARD = gnu11;
				GCC_DYNAMIC_NO_PIC = NO;
				GCC_NO_COMMON_BLOCKS = YES;
				GCC_OPTIMIZATION_LEVEL = 0;
				GCC_PREPROCESSOR_DEFINITIONS = (
					"DEBUG=1",
					"$(inherited)",
				);
				GCC_WARN_64_TO_32_BIT_CONVERSION = YES;
				GCC_WARN_ABOUT_RETURN_TYPE = YES_ERROR;
				GCC_WARN_UNDECLARED_SELECTOR = YES;
				GCC_WARN_UNINITIALIZED_AUTOS = YES_AGGRESSIVE;
				GCC_WARN_UNUSED_FUNCTION = YES;
				GCC_WARN_UNUSED_VARIABLE = YES;
				IPHONEOS_DEPLOYMENT_TARGET = 16.0;
				MTL_ENABLE_DEBUG_INFO = INCLUDE_SOURCE;
				MTL_FAST_MATH = YES;
				ONLY_ACTIVE_ARCH = YES;
				SDKROOT = iphoneos;
				SWIFT_ACTIVE_COMPILATION_CONDITIONS = DEBUG;
				SWIFT_OPTIMIZATION_LEVEL = "-Onone";
			};
			name = Debug;
		};
		0D808AB129EE651200F40BC3 /* Release */ = {
			isa = XCBuildConfiguration;
			buildSettings = {
				ALWAYS_SEARCH_USER_PATHS = NO;
				CLANG_ANALYZER_NONNULL = YES;
				CLANG_ANALYZER_NUMBER_OBJECT_CONVERSION = YES_AGGRESSIVE;
				CLANG_CXX_LANGUAGE_STANDARD = "gnu++20";
				CLANG_ENABLE_MODULES = YES;
				CLANG_ENABLE_OBJC_ARC = YES;
				CLANG_ENABLE_OBJC_WEAK = YES;
				CLANG_WARN_BLOCK_CAPTURE_AUTORELEASING = YES;
				CLANG_WARN_BOOL_CONVERSION = YES;
				CLANG_WARN_COMMA = YES;
				CLANG_WARN_CONSTANT_CONVERSION = YES;
				CLANG_WARN_DEPRECATED_OBJC_IMPLEMENTATIONS = YES;
				CLANG_WARN_DIRECT_OBJC_ISA_USAGE = YES_ERROR;
				CLANG_WARN_DOCUMENTATION_COMMENTS = YES;
				CLANG_WARN_EMPTY_BODY = YES;
				CLANG_WARN_ENUM_CONVERSION = YES;
				CLANG_WARN_INFINITE_RECURSION = YES;
				CLANG_WARN_INT_CONVERSION = YES;
				CLANG_WARN_NON_LITERAL_NULL_CONVERSION = YES;
				CLANG_WARN_OBJC_IMPLICIT_RETAIN_SELF = YES;
				CLANG_WARN_OBJC_LITERAL_CONVERSION = YES;
				CLANG_WARN_OBJC_ROOT_CLASS = YES_ERROR;
				CLANG_WARN_QUOTED_INCLUDE_IN_FRAMEWORK_HEADER = YES;
				CLANG_WARN_RANGE_LOOP_ANALYSIS = YES;
				CLANG_WARN_STRICT_PROTOTYPES = YES;
				CLANG_WARN_SUSPICIOUS_MOVE = YES;
				CLANG_WARN_UNGUARDED_AVAILABILITY = YES_AGGRESSIVE;
				CLANG_WARN_UNREACHABLE_CODE = YES;
				CLANG_WARN__DUPLICATE_METHOD_MATCH = YES;
				COPY_PHASE_STRIP = NO;
				DEBUG_INFORMATION_FORMAT = "dwarf-with-dsym";
				ENABLE_NS_ASSERTIONS = NO;
				ENABLE_STRICT_OBJC_MSGSEND = YES;
				GCC_C_LANGUAGE_STANDARD = gnu11;
				GCC_NO_COMMON_BLOCKS = YES;
				GCC_WARN_64_TO_32_BIT_CONVERSION = YES;
				GCC_WARN_ABOUT_RETURN_TYPE = YES_ERROR;
				GCC_WARN_UNDECLARED_SELECTOR = YES;
				GCC_WARN_UNINITIALIZED_AUTOS = YES_AGGRESSIVE;
				GCC_WARN_UNUSED_FUNCTION = YES;
				GCC_WARN_UNUSED_VARIABLE = YES;
				IPHONEOS_DEPLOYMENT_TARGET = 16.0;
				MTL_ENABLE_DEBUG_INFO = NO;
				MTL_FAST_MATH = YES;
				SDKROOT = iphoneos;
				SWIFT_COMPILATION_MODE = wholemodule;
				SWIFT_OPTIMIZATION_LEVEL = "-O";
				VALIDATE_PRODUCT = YES;
			};
			name = Release;
		};
		0D808AB329EE651200F40BC3 /* Debug */ = {
			isa = XCBuildConfiguration;
			buildSettings = {
				ASSETCATALOG_COMPILER_APPICON_NAME = AppIcon;
				ASSETCATALOG_COMPILER_GLOBAL_ACCENT_COLOR_NAME = AccentColor;
				CODE_SIGN_STYLE = Manual;
				CURRENT_PROJECT_VERSION = 1;
				DEVELOPMENT_TEAM = "";
				GENERATE_INFOPLIST_FILE = YES;
				INFOPLIST_FILE = APODExplorer/Info.plist;
				INFOPLIST_KEY_UIApplicationSupportsIndirectInputEvents = YES;
				INFOPLIST_KEY_UILaunchStoryboardName = LaunchScreen;
				INFOPLIST_KEY_UIMainStoryboardFile = Main;
				INFOPLIST_KEY_UISupportedInterfaceOrientations_iPad = "UIInterfaceOrientationPortrait UIInterfaceOrientationPortraitUpsideDown UIInterfaceOrientationLandscapeLeft UIInterfaceOrientationLandscapeRight";
				INFOPLIST_KEY_UISupportedInterfaceOrientations_iPhone = "UIInterfaceOrientationPortrait UIInterfaceOrientationLandscapeLeft UIInterfaceOrientationLandscapeRight";
				LD_RUNPATH_SEARCH_PATHS = (
					"$(inherited)",
					"@executable_path/Frameworks",
				);
				MARKETING_VERSION = 1.0;
				PRODUCT_BUNDLE_IDENTIFIER = com.johnphilliplee.APODExplorer;
				PRODUCT_NAME = "$(TARGET_NAME)";
				PROVISIONING_PROFILE_SPECIFIER = "";
				SWIFT_EMIT_LOC_STRINGS = YES;
				SWIFT_VERSION = 5.0;
				TARGETED_DEVICE_FAMILY = "1,2";
			};
			name = Debug;
		};
		0D808AB429EE651200F40BC3 /* Release */ = {
			isa = XCBuildConfiguration;
			buildSettings = {
				ASSETCATALOG_COMPILER_APPICON_NAME = AppIcon;
				ASSETCATALOG_COMPILER_GLOBAL_ACCENT_COLOR_NAME = AccentColor;
				CODE_SIGN_STYLE = Manual;
				CURRENT_PROJECT_VERSION = 1;
				DEVELOPMENT_TEAM = "";
				GENERATE_INFOPLIST_FILE = YES;
				INFOPLIST_FILE = APODExplorer/Info.plist;
				INFOPLIST_KEY_UIApplicationSupportsIndirectInputEvents = YES;
				INFOPLIST_KEY_UILaunchStoryboardName = LaunchScreen;
				INFOPLIST_KEY_UIMainStoryboardFile = Main;
				INFOPLIST_KEY_UISupportedInterfaceOrientations_iPad = "UIInterfaceOrientationPortrait UIInterfaceOrientationPortraitUpsideDown UIInterfaceOrientationLandscapeLeft UIInterfaceOrientationLandscapeRight";
				INFOPLIST_KEY_UISupportedInterfaceOrientations_iPhone = "UIInterfaceOrientationPortrait UIInterfaceOrientationLandscapeLeft UIInterfaceOrientationLandscapeRight";
				LD_RUNPATH_SEARCH_PATHS = (
					"$(inherited)",
					"@executable_path/Frameworks",
				);
				MARKETING_VERSION = 1.0;
				PRODUCT_BUNDLE_IDENTIFIER = com.johnphilliplee.APODExplorer;
				PRODUCT_NAME = "$(TARGET_NAME)";
				PROVISIONING_PROFILE_SPECIFIER = "";
				SWIFT_EMIT_LOC_STRINGS = YES;
				SWIFT_VERSION = 5.0;
				TARGETED_DEVICE_FAMILY = "1,2";
			};
			name = Release;
		};
/* End XCBuildConfiguration section */

/* Begin XCConfigurationList section */
		0D65013129EFAD6B00BB0ED6 /* Build configuration list for PBXNativeTarget "APODExplorerTests" */ = {
			isa = XCConfigurationList;
			buildConfigurations = (
				0D65012F29EFAD6B00BB0ED6 /* Debug */,
				0D65013029EFAD6B00BB0ED6 /* Release */,
			);
			defaultConfigurationIsVisible = 0;
			defaultConfigurationName = Release;
		};
		0D808A9929EE651100F40BC3 /* Build configuration list for PBXProject "APODExplorer" */ = {
			isa = XCConfigurationList;
			buildConfigurations = (
				0D808AB029EE651200F40BC3 /* Debug */,
				0D808AB129EE651200F40BC3 /* Release */,
			);
			defaultConfigurationIsVisible = 0;
			defaultConfigurationName = Release;
		};
		0D808AB229EE651200F40BC3 /* Build configuration list for PBXNativeTarget "APODExplorer" */ = {
			isa = XCConfigurationList;
			buildConfigurations = (
				0D808AB329EE651200F40BC3 /* Debug */,
				0D808AB429EE651200F40BC3 /* Release */,
			);
			defaultConfigurationIsVisible = 0;
			defaultConfigurationName = Release;
		};
/* End XCConfigurationList section */
	};
	rootObject = 0D808A9629EE651100F40BC3 /* Project object */;
}
